<Solution>
  <Project Path="../tests/sharepointIntegration.Tests/sharepointIntegration.Tests.csproj" />
  <Project Path="sharepointIntegration.csproj" />
  <Properties>
    <Property Name="Configuration">
      <Value>Debug</Value>
      <Value>Release</Value>
    </Property>
    <Property Name="Platform">
      <Value>Any CPU</Value>
    </Property>
  </Properties>
</Solution>
