
Microsoft Visual Studio Solution File, Format Version 12.00
# Visual Studio Version 17
VisualStudioVersion = 17.13.35825.156
MinimumVisualStudioVersion = 10.0.40219.1
Project("{FAE04EC0-301F-11D3-BF4B-00C04F79EFBC}") = "sharepointIntegration", "sharepointIntegration.csproj", "{317276A5-0D81-4D27-8463-697EFF59D462}"
EndProject
Project("{2150E333-8FDC-42A3-9474-1A3956D46DE8}") = "tests", "tests", "{0AB3BF05-4346-4AA6-1389-037BE0695223}"
EndProject
Project("{FAE04EC0-301F-11D3-BF4B-00C04F79EFBC}") = "sharepointIntegration.Tests", "..\tests\sharepointIntegration.Tests\sharepointIntegration.Tests.csproj", "{0652DBA9-58BD-409A-8E6E-8874AA224AA4}"
EndProject
Global
	GlobalSection(SolutionConfigurationPlatforms) = preSolution
		Debug|Any CPU = Debug|Any CPU
		Debug|x64 = Debug|x64
		Debug|x86 = Debug|x86
		Release|Any CPU = Release|Any CPU
		Release|x64 = Release|x64
		Release|x86 = Release|x86
	EndGlobalSection
	GlobalSection(ProjectConfigurationPlatforms) = postSolution
		{317276A5-0D81-4D27-8463-697EFF59D462}.Debug|Any CPU.ActiveCfg = Debug|Any CPU
		{317276A5-0D81-4D27-8463-697EFF59D462}.Debug|Any CPU.Build.0 = Debug|Any CPU
		{317276A5-0D81-4D27-8463-697EFF59D462}.Debug|x64.ActiveCfg = Debug|Any CPU
		{317276A5-0D81-4D27-8463-697EFF59D462}.Debug|x64.Build.0 = Debug|Any CPU
		{317276A5-0D81-4D27-8463-697EFF59D462}.Debug|x86.ActiveCfg = Debug|Any CPU
		{317276A5-0D81-4D27-8463-697EFF59D462}.Debug|x86.Build.0 = Debug|Any CPU
		{317276A5-0D81-4D27-8463-697EFF59D462}.Release|Any CPU.ActiveCfg = Release|Any CPU
		{317276A5-0D81-4D27-8463-697EFF59D462}.Release|Any CPU.Build.0 = Release|Any CPU
		{317276A5-0D81-4D27-8463-697EFF59D462}.Release|x64.ActiveCfg = Release|Any CPU
		{317276A5-0D81-4D27-8463-697EFF59D462}.Release|x64.Build.0 = Release|Any CPU
		{317276A5-0D81-4D27-8463-697EFF59D462}.Release|x86.ActiveCfg = Release|Any CPU
		{317276A5-0D81-4D27-8463-697EFF59D462}.Release|x86.Build.0 = Release|Any CPU
		{0652DBA9-58BD-409A-8E6E-8874AA224AA4}.Debug|Any CPU.ActiveCfg = Debug|Any CPU
		{0652DBA9-58BD-409A-8E6E-8874AA224AA4}.Debug|Any CPU.Build.0 = Debug|Any CPU
		{0652DBA9-58BD-409A-8E6E-8874AA224AA4}.Debug|x64.ActiveCfg = Debug|Any CPU
		{0652DBA9-58BD-409A-8E6E-8874AA224AA4}.Debug|x64.Build.0 = Debug|Any CPU
		{0652DBA9-58BD-409A-8E6E-8874AA224AA4}.Debug|x86.ActiveCfg = Debug|Any CPU
		{0652DBA9-58BD-409A-8E6E-8874AA224AA4}.Debug|x86.Build.0 = Debug|Any CPU
		{0652DBA9-58BD-409A-8E6E-8874AA224AA4}.Release|Any CPU.ActiveCfg = Release|Any CPU
		{0652DBA9-58BD-409A-8E6E-8874AA224AA4}.Release|Any CPU.Build.0 = Release|Any CPU
		{0652DBA9-58BD-409A-8E6E-8874AA224AA4}.Release|x64.ActiveCfg = Release|Any CPU
		{0652DBA9-58BD-409A-8E6E-8874AA224AA4}.Release|x64.Build.0 = Release|Any CPU
		{0652DBA9-58BD-409A-8E6E-8874AA224AA4}.Release|x86.ActiveCfg = Release|Any CPU
		{0652DBA9-58BD-409A-8E6E-8874AA224AA4}.Release|x86.Build.0 = Release|Any CPU
	EndGlobalSection
	GlobalSection(SolutionProperties) = preSolution
		HideSolutionNode = FALSE
	EndGlobalSection
	GlobalSection(NestedProjects) = preSolution
		{0652DBA9-58BD-409A-8E6E-8874AA224AA4} = {0AB3BF05-4346-4AA6-1389-037BE0695223}
	EndGlobalSection
	GlobalSection(ExtensibilityGlobals) = postSolution
		SolutionGuid = {F3029319-149E-40E6-BEDB-502B5CB3A7FD}
	EndGlobalSection
EndGlobal
